
Microsoft Visual Studio Solution File, Format Version 12.00
# Visual Studio 15
VisualStudioVersion = 15.0.28307.136
MinimumVisualStudioVersion = 10.0.40219.1
Project("{2150E333-8FDC-42A3-9474-1A3956D46DE8}") = "src", "src", "{971128C6-139E-42A2-89A3-89A3D33D3C15}"
EndProject
Project("{2150E333-8FDC-42A3-9474-1A3956D46DE8}") = "Services", "Services", "{A74CC726-C320-49F1-8863-C068375DD244}"
EndProject
Project("{9A19103F-16F7-4668-BE54-9A1E7A4F7556}") = "Identity.API", "src\Services\Identity.API\Identity.API.csproj", "{DAED4174-7A22-44D0-98DF-3DDB873FDCC1}"
EndProject
Project("{2150E333-8FDC-42A3-9474-1A3956D46DE8}") = "Identity", "Identity", "{CE0F4E32-EA42-42DC-923B-3B67FB0261AA}"
EndProject
Project("{2150E333-8FDC-42A3-9474-1A3956D46DE8}") = "Shared", "Shared", "{5F8A0BF5-C4B6-4026-B816-E90D9C41D2D0}"
EndProject
Project("{2150E333-8FDC-42A3-9474-1A3956D46DE8}") = "Shared.Abstractions", "Shared.Abstractions", "{3DBEC495-9BDD-43DD-B659-ED4F9DA62515}"
EndProject
Project("{9A19103F-16F7-4668-BE54-9A1E7A4F7556}") = "Abstraction", "src\Shared\Shared.Abstractions\Abstraction\Abstraction.csproj", "{53EF08A5-D5DF-4347-937A-4C2CCD4CE01E}"
EndProject
Project("{2150E333-8FDC-42A3-9474-1A3956D46DE8}") = "Product", "Product", "{C9260BAD-F116-4540-9248-D68525E748D1}"
EndProject
Project("{9A19103F-16F7-4668-BE54-9A1E7A4F7556}") = "Product.API", "src\Services\Product.API\Product.API.csproj", "{963D2439-D510-4A61-B3A2-6A69124BED59}"
EndProject
Project("{2150E333-8FDC-42A3-9474-1A3956D46DE8}") = "ApiGateway", "ApiGateway", "{BB0EB133-CD8C-4B47-A1ED-E486C89B00A4}"
EndProject
Project("{2150E333-8FDC-42A3-9474-1A3956D46DE8}") = "with-ocelot", "with-ocelot", "{9EF94CE2-6659-47E2-AA84-D8B30A28ED46}"
EndProject
Project("{FAE04EC0-301F-11D3-BF4B-00C04F79EFBC}") = "ApiGateway.Ocelot", "src\ApiGateways\with-ocelot\ApiGateway.Ocelot\ApiGateway.Ocelot.csproj", "{D8BFBAFC-EE12-4ADE-BC21-B22223450853}"
EndProject
Global
	GlobalSection(SolutionConfigurationPlatforms) = preSolution
		Debug|Any CPU = Debug|Any CPU
		Release|Any CPU = Release|Any CPU
	EndGlobalSection
	GlobalSection(ProjectConfigurationPlatforms) = postSolution
		{DAED4174-7A22-44D0-98DF-3DDB873FDCC1}.Debug|Any CPU.ActiveCfg = Debug|Any CPU
		{DAED4174-7A22-44D0-98DF-3DDB873FDCC1}.Debug|Any CPU.Build.0 = Debug|Any CPU
		{DAED4174-7A22-44D0-98DF-3DDB873FDCC1}.Release|Any CPU.ActiveCfg = Release|Any CPU
		{DAED4174-7A22-44D0-98DF-3DDB873FDCC1}.Release|Any CPU.Build.0 = Release|Any CPU
		{53EF08A5-D5DF-4347-937A-4C2CCD4CE01E}.Debug|Any CPU.ActiveCfg = Debug|Any CPU
		{53EF08A5-D5DF-4347-937A-4C2CCD4CE01E}.Debug|Any CPU.Build.0 = Debug|Any CPU
		{53EF08A5-D5DF-4347-937A-4C2CCD4CE01E}.Release|Any CPU.ActiveCfg = Release|Any CPU
		{53EF08A5-D5DF-4347-937A-4C2CCD4CE01E}.Release|Any CPU.Build.0 = Release|Any CPU
		{963D2439-D510-4A61-B3A2-6A69124BED59}.Debug|Any CPU.ActiveCfg = Debug|Any CPU
		{963D2439-D510-4A61-B3A2-6A69124BED59}.Debug|Any CPU.Build.0 = Debug|Any CPU
		{963D2439-D510-4A61-B3A2-6A69124BED59}.Release|Any CPU.ActiveCfg = Release|Any CPU
		{963D2439-D510-4A61-B3A2-6A69124BED59}.Release|Any CPU.Build.0 = Release|Any CPU
		{D8BFBAFC-EE12-4ADE-BC21-B22223450853}.Debug|Any CPU.ActiveCfg = Debug|Any CPU
		{D8BFBAFC-EE12-4ADE-BC21-B22223450853}.Debug|Any CPU.Build.0 = Debug|Any CPU
		{D8BFBAFC-EE12-4ADE-BC21-B22223450853}.Release|Any CPU.ActiveCfg = Release|Any CPU
		{D8BFBAFC-EE12-4ADE-BC21-B22223450853}.Release|Any CPU.Build.0 = Release|Any CPU
	EndGlobalSection
	GlobalSection(SolutionProperties) = preSolution
		HideSolutionNode = FALSE
	EndGlobalSection
	GlobalSection(NestedProjects) = preSolution
		{A74CC726-C320-49F1-8863-C068375DD244} = {971128C6-139E-42A2-89A3-89A3D33D3C15}
		{DAED4174-7A22-44D0-98DF-3DDB873FDCC1} = {CE0F4E32-EA42-42DC-923B-3B67FB0261AA}
		{CE0F4E32-EA42-42DC-923B-3B67FB0261AA} = {A74CC726-C320-49F1-8863-C068375DD244}
		{5F8A0BF5-C4B6-4026-B816-E90D9C41D2D0} = {971128C6-139E-42A2-89A3-89A3D33D3C15}
		{3DBEC495-9BDD-43DD-B659-ED4F9DA62515} = {5F8A0BF5-C4B6-4026-B816-E90D9C41D2D0}
		{53EF08A5-D5DF-4347-937A-4C2CCD4CE01E} = {3DBEC495-9BDD-43DD-B659-ED4F9DA62515}
		{C9260BAD-F116-4540-9248-D68525E748D1} = {A74CC726-C320-49F1-8863-C068375DD244}
		{963D2439-D510-4A61-B3A2-6A69124BED59} = {C9260BAD-F116-4540-9248-D68525E748D1}
		{BB0EB133-CD8C-4B47-A1ED-E486C89B00A4} = {971128C6-139E-42A2-89A3-89A3D33D3C15}
		{9EF94CE2-6659-47E2-AA84-D8B30A28ED46} = {BB0EB133-CD8C-4B47-A1ED-E486C89B00A4}
		{D8BFBAFC-EE12-4ADE-BC21-B22223450853} = {9EF94CE2-6659-47E2-AA84-D8B30A28ED46}
	EndGlobalSection
	GlobalSection(ExtensibilityGlobals) = postSolution
		SolutionGuid = {2047D40D-1F81-4C56-AC96-C35DF0739ABD}
	EndGlobalSection
EndGlobal
